
Microsoft Visual Studio Solution File, Format Version 12.00
# Visual Studio Version 16
VisualStudioVersion = 16.0.31205.134
MinimumVisualStudioVersion = 10.0.40219.1
Project("{FAE04EC0-301F-11D3-BF4B-00C04F79EFBC}") = "ProductWebApiDemo", "ProductWebApiDemo.csproj", "{F2B522B3-D9E5-48DA-8D48-8A758083924C}"
EndProject
Project("{FAE04EC0-301F-11D3-BF4B-00C04F79EFBC}") = "ProductWebApiDemo.Tests", "..\ProductWebApiDemo.Tests\ProductWebApiDemo.Tests.csproj", "{BF258DDB-4DF1-4798-A83F-17B129A1A25C}"
EndProject
Global
	GlobalSection(SolutionConfigurationPlatforms) = preSolution
		Debug|Any CPU = Debug|Any CPU
		Release|Any CPU = Release|Any CPU
	EndGlobalSection
	GlobalSection(ProjectConfigurationPlatforms) = postSolution
		{F2B522B3-D9E5-48DA-8D48-8A758083924C}.Debug|Any CPU.ActiveCfg = Debug|Any CPU
		{F2B522B3-D9E5-48DA-8D48-8A758083924C}.Debug|Any CPU.Build.0 = Debug|Any CPU
		{F2B522B3-D9E5-48DA-8D48-8A758083924C}.Release|Any CPU.ActiveCfg = Release|Any CPU
		{F2B522B3-D9E5-48DA-8D48-8A758083924C}.Release|Any CPU.Build.0 = Release|Any CPU
		{BF258DDB-4DF1-4798-A83F-17B129A1A25C}.Debug|Any CPU.ActiveCfg = Debug|Any CPU
		{BF258DDB-4DF1-4798-A83F-17B129A1A25C}.Debug|Any CPU.Build.0 = Debug|Any CPU
		{BF258DDB-4DF1-4798-A83F-17B129A1A25C}.Release|Any CPU.ActiveCfg = Release|Any CPU
		{BF258DDB-4DF1-4798-A83F-17B129A1A25C}.Release|Any CPU.Build.0 = Release|Any CPU
	EndGlobalSection
	GlobalSection(SolutionProperties) = preSolution
		HideSolutionNode = FALSE
	EndGlobalSection
	GlobalSection(ExtensibilityGlobals) = postSolution
		SolutionGuid = {DB382F06-1B8F-47B1-84D0-A2744E587E09}
	EndGlobalSection
EndGlobal
